// !$*UTF8*$!
{
	archiveVersion = 1;
	classes = {
	};
	objectVersion = 56;
	objects = {

/* Begin PBXBuildFile section */
		F52CC6442BAC7AF400F591AE /* BackNavigationIconBar.swift in Sources */ = {isa = PBXBuildFile; fileRef = F52CC6432BAC7AF400F591AE /* BackNavigationIconBar.swift */; };
		F52CC6462BAD392100F591AE /* SaleEditView.swift in Sources */ = {isa = PBXBuildFile; fileRef = F52CC6452BAD392100F591AE /* SaleEditView.swift */; };
		F52CC6482BAD509D00F591AE /* KeyboardUtils.swift in Sources */ = {isa = PBXBuildFile; fileRef = F52CC6472BAD509D00F591AE /* KeyboardUtils.swift */; };
		F52CC64A2BAD628B00F591AE /* ImageViewer.swift in Sources */ = {isa = PBXBuildFile; fileRef = F52CC6492BAD628B00F591AE /* ImageViewer.swift */; };
		F57DDF902BD0FF8F0024A12B /* EmptyRoomView.swift in Sources */ = {isa = PBXBuildFile; fileRef = F57DDF8F2BD0FF8F0024A12B /* EmptyRoomView.swift */; };
		F58916742BA1EABD008EC345 /* hanbat_marketApp.swift in Sources */ = {isa = PBXBuildFile; fileRef = F58916732BA1EABD008EC345 /* hanbat_marketApp.swift */; };
		F58916762BA1EABD008EC345 /* ContentView.swift in Sources */ = {isa = PBXBuildFile; fileRef = F58916752BA1EABD008EC345 /* ContentView.swift */; };
		F58916782BA1EABF008EC345 /* Assets.xcassets in Resources */ = {isa = PBXBuildFile; fileRef = F58916772BA1EABF008EC345 /* Assets.xcassets */; };
		F589167B2BA1EABF008EC345 /* Preview Assets.xcassets in Resources */ = {isa = PBXBuildFile; fileRef = F589167A2BA1EABF008EC345 /* Preview Assets.xcassets */; };
		F589169B2BA3063F008EC345 /* LoginView.swift in Sources */ = {isa = PBXBuildFile; fileRef = F589169A2BA3063F008EC345 /* LoginView.swift */; };
		F589169E2BA3124A008EC345 /* RegisterView.swift in Sources */ = {isa = PBXBuildFile; fileRef = F589169D2BA3124A008EC345 /* RegisterView.swift */; };
		F58916A22BA3140D008EC345 /* AuthInput.swift in Sources */ = {isa = PBXBuildFile; fileRef = F58916A12BA3140D008EC345 /* AuthInput.swift */; };
		F58916A42BA3164B008EC345 /* AuthButton.swift in Sources */ = {isa = PBXBuildFile; fileRef = F58916A32BA3164B008EC345 /* AuthButton.swift */; };
		F58916A62BA32597008EC345 /* CompletedView.swift in Sources */ = {isa = PBXBuildFile; fileRef = F58916A52BA32597008EC345 /* CompletedView.swift */; };
		F58916A92BA58850008EC345 /* AuthModel.swift in Sources */ = {isa = PBXBuildFile; fileRef = F58916A82BA58850008EC345 /* AuthModel.swift */; };
		F58916AB2BA589B0008EC345 /* CommonModel.swift in Sources */ = {isa = PBXBuildFile; fileRef = F58916AA2BA589B0008EC345 /* CommonModel.swift */; };
		F58916B72BA58B33008EC345 /* ApiClient.swift in Sources */ = {isa = PBXBuildFile; fileRef = F58916B62BA58B33008EC345 /* ApiClient.swift */; };
		F58916B92BA58B44008EC345 /* ApiLogger.swift in Sources */ = {isa = PBXBuildFile; fileRef = F58916B82BA58B44008EC345 /* ApiLogger.swift */; };
		F58916BB2BA58B52008EC345 /* BaseInterceptor.swift in Sources */ = {isa = PBXBuildFile; fileRef = F58916BA2BA58B52008EC345 /* BaseInterceptor.swift */; };
		F58916BD2BA58B71008EC345 /* AuthApiService.swift in Sources */ = {isa = PBXBuildFile; fileRef = F58916BC2BA58B71008EC345 /* AuthApiService.swift */; };
		F58916BF2BA58B7B008EC345 /* AuthRouter.swift in Sources */ = {isa = PBXBuildFile; fileRef = F58916BE2BA58B7B008EC345 /* AuthRouter.swift */; };
		F58916C12BA58E19008EC345 /* CommonStyle.swift in Sources */ = {isa = PBXBuildFile; fileRef = F58916C02BA58E19008EC345 /* CommonStyle.swift */; };
		F58916C42BA59357008EC345 /* AuthVM.swift in Sources */ = {isa = PBXBuildFile; fileRef = F58916C32BA59357008EC345 /* AuthVM.swift */; };
		F58917172BA69782008EC345 /* Alamofire in Frameworks */ = {isa = PBXBuildFile; productRef = F58917162BA69782008EC345 /* Alamofire */; };
		F58917192BA69782008EC345 /* AlamofireDynamic in Frameworks */ = {isa = PBXBuildFile; productRef = F58917182BA69782008EC345 /* AlamofireDynamic */; };
		F589171F2BA81F52008EC345 /* HomeView.swift in Sources */ = {isa = PBXBuildFile; fileRef = F589171E2BA81F51008EC345 /* HomeView.swift */; };
		F58917272BA82C7B008EC345 /* SessionManager.swift in Sources */ = {isa = PBXBuildFile; fileRef = F58917262BA82C7B008EC345 /* SessionManager.swift */; };
		F589172C2BA85B2E008EC345 /* HomeRouter.swift in Sources */ = {isa = PBXBuildFile; fileRef = F589172B2BA85B2E008EC345 /* HomeRouter.swift */; };
		F589172E2BA85BC1008EC345 /* HomeApiService.swift in Sources */ = {isa = PBXBuildFile; fileRef = F589172D2BA85BC1008EC345 /* HomeApiService.swift */; };
		F58917302BA85C15008EC345 /* HomeModel.swift in Sources */ = {isa = PBXBuildFile; fileRef = F589172F2BA85C15008EC345 /* HomeModel.swift */; };
		F58917322BA85D6F008EC345 /* HomeVM.swift in Sources */ = {isa = PBXBuildFile; fileRef = F58917312BA85D6F008EC345 /* HomeVM.swift */; };
		F58917372BA89756008EC345 /* ChatView.swift in Sources */ = {isa = PBXBuildFile; fileRef = F58917362BA89756008EC345 /* ChatView.swift */; };
		F58917392BA8976F008EC345 /* PreemptionView.swift in Sources */ = {isa = PBXBuildFile; fileRef = F58917382BA8976F008EC345 /* PreemptionView.swift */; };
		F589173B2BA89779008EC345 /* ProfileView.swift in Sources */ = {isa = PBXBuildFile; fileRef = F589173A2BA89779008EC345 /* ProfileView.swift */; };
		F589173D2BA8A0BD008EC345 /* CustomTabView.swift in Sources */ = {isa = PBXBuildFile; fileRef = F589173C2BA8A0BD008EC345 /* CustomTabView.swift */; };
		F589173F2BA97730008EC345 /* NavigationBar.swift in Sources */ = {isa = PBXBuildFile; fileRef = F589173E2BA9772F008EC345 /* NavigationBar.swift */; };
		F58917422BA97851008EC345 /* SettingView.swift in Sources */ = {isa = PBXBuildFile; fileRef = F58917412BA97851008EC345 /* SettingView.swift */; };
		F58917442BA97875008EC345 /* BackNavigationBar.swift in Sources */ = {isa = PBXBuildFile; fileRef = F58917432BA97875008EC345 /* BackNavigationBar.swift */; };
		F589174A2BA9B59E008EC345 /* SaleView.swift in Sources */ = {isa = PBXBuildFile; fileRef = F58917492BA9B59E008EC345 /* SaleView.swift */; };
		F589174C2BA9C422008EC345 /* SaleModel.swift in Sources */ = {isa = PBXBuildFile; fileRef = F589174B2BA9C422008EC345 /* SaleModel.swift */; };
		F589174E2BAAA551008EC345 /* SaleRouter.swift in Sources */ = {isa = PBXBuildFile; fileRef = F589174D2BAAA551008EC345 /* SaleRouter.swift */; };
		F58917502BAABB8A008EC345 /* SaleApiService.swift in Sources */ = {isa = PBXBuildFile; fileRef = F589174F2BAABB8A008EC345 /* SaleApiService.swift */; };
		F58917522BAABC4C008EC345 /* SaleVM.swift in Sources */ = {isa = PBXBuildFile; fileRef = F58917512BAABC4C008EC345 /* SaleVM.swift */; };
		F58917542BAB147E008EC345 /* ArticleModel.swift in Sources */ = {isa = PBXBuildFile; fileRef = F58917532BAB147E008EC345 /* ArticleModel.swift */; };
		F58917562BAB15A0008EC345 /* ArticleView.swift in Sources */ = {isa = PBXBuildFile; fileRef = F58917552BAB15A0008EC345 /* ArticleView.swift */; };
		F58917592BAB30FD008EC345 /* DateUtils.swift in Sources */ = {isa = PBXBuildFile; fileRef = F58917582BAB30FD008EC345 /* DateUtils.swift */; };
		F59363CF2BC28F490023302B /* OAuthVM.swift in Sources */ = {isa = PBXBuildFile; fileRef = F59363CE2BC28F490023302B /* OAuthVM.swift */; };
		F59363D12BC28F980023302B /* OAuthApiService.swift in Sources */ = {isa = PBXBuildFile; fileRef = F59363D02BC28F980023302B /* OAuthApiService.swift */; };
		F59363D42BC2DC990023302B /* JWTDecode in Frameworks */ = {isa = PBXBuildFile; productRef = F59363D32BC2DC990023302B /* JWTDecode */; };
		F59363D62BC413690023302B /* OAuthManager.swift in Sources */ = {isa = PBXBuildFile; fileRef = F59363D52BC413690023302B /* OAuthManager.swift */; };
		F59363D92BC7F6ED0023302B /* TermOfUseView.swift in Sources */ = {isa = PBXBuildFile; fileRef = F59363D82BC7F6ED0023302B /* TermOfUseView.swift */; };
		F59363DB2BC7F8F70023302B /* WebView.swift in Sources */ = {isa = PBXBuildFile; fileRef = F59363DA2BC7F8F70023302B /* WebView.swift */; };
		F59363DD2BC7FBD50023302B /* PrivacyPolicy.swift in Sources */ = {isa = PBXBuildFile; fileRef = F59363DC2BC7FBD50023302B /* PrivacyPolicy.swift */; };
		F59363DF2BC80B570023302B /* CustomProgressView.swift in Sources */ = {isa = PBXBuildFile; fileRef = F59363DE2BC80B570023302B /* CustomProgressView.swift */; };
		F59363E12BCC23E70023302B /* ChatRouter.swift in Sources */ = {isa = PBXBuildFile; fileRef = F59363E02BCC23E70023302B /* ChatRouter.swift */; };
		F59363E32BCC248D0023302B /* ChatApiService.swift in Sources */ = {isa = PBXBuildFile; fileRef = F59363E22BCC248D0023302B /* ChatApiService.swift */; };
		F59363E52BCC260F0023302B /* ChatModel.swift in Sources */ = {isa = PBXBuildFile; fileRef = F59363E42BCC260F0023302B /* ChatModel.swift */; };
		F59363E72BCC26700023302B /* ChatVM.swift in Sources */ = {isa = PBXBuildFile; fileRef = F59363E62BCC26700023302B /* ChatVM.swift */; };
		F59363E92BCC2C9D0023302B /* RoomView.swift in Sources */ = {isa = PBXBuildFile; fileRef = F59363E82BCC2C9D0023302B /* RoomView.swift */; };
		F59363EC2BCC30010023302B /* Kingfisher in Frameworks */ = {isa = PBXBuildFile; productRef = F59363EB2BCC30010023302B /* Kingfisher */; };
		F59363F02BCC3DE20023302B /* LDSwiftEventSource in Frameworks */ = {isa = PBXBuildFile; productRef = F59363EF2BCC3DE20023302B /* LDSwiftEventSource */; };
		F5ADCFFD2BAFF94E005C93C0 /* PreemptionModel.swift in Sources */ = {isa = PBXBuildFile; fileRef = F5ADCFFC2BAFF94E005C93C0 /* PreemptionModel.swift */; };
		F5ADCFFF2BAFFA2A005C93C0 /* PreemptionRouter.swift in Sources */ = {isa = PBXBuildFile; fileRef = F5ADCFFE2BAFFA2A005C93C0 /* PreemptionRouter.swift */; };
		F5ADD0012BAFFAAF005C93C0 /* PreemptionApiService.swift in Sources */ = {isa = PBXBuildFile; fileRef = F5ADD0002BAFFAAF005C93C0 /* PreemptionApiService.swift */; };
		F5ADD0032BAFFADA005C93C0 /* PreemptionVM.swift in Sources */ = {isa = PBXBuildFile; fileRef = F5ADD0022BAFFADA005C93C0 /* PreemptionVM.swift */; };
		F5ADD0132BB2CEF5005C93C0 /* CachedAsyncImage in Frameworks */ = {isa = PBXBuildFile; productRef = F5ADD0122BB2CEF5005C93C0 /* CachedAsyncImage */; };
		F5ADD0162BB3F781005C93C0 /* SearchView.swift in Sources */ = {isa = PBXBuildFile; fileRef = F5ADD0152BB3F781005C93C0 /* SearchView.swift */; };
		F5ADD0182BB3FBBC005C93C0 /* SearchRouter.swift in Sources */ = {isa = PBXBuildFile; fileRef = F5ADD0172BB3FBBC005C93C0 /* SearchRouter.swift */; };
		F5ADD01A2BB3FCA4005C93C0 /* SearchApiService.swift in Sources */ = {isa = PBXBuildFile; fileRef = F5ADD0192BB3FCA4005C93C0 /* SearchApiService.swift */; };
		F5ADD01C2BB3FD2C005C93C0 /* SearchVM.swift in Sources */ = {isa = PBXBuildFile; fileRef = F5ADD01B2BB3FD2C005C93C0 /* SearchVM.swift */; };
		F5ADD01E2BB56EFC005C93C0 /* TradeView.swift in Sources */ = {isa = PBXBuildFile; fileRef = F5ADD01D2BB56EFB005C93C0 /* TradeView.swift */; };
		F5ADD0202BB56F63005C93C0 /* TradeRouter.swift in Sources */ = {isa = PBXBuildFile; fileRef = F5ADD01F2BB56F63005C93C0 /* TradeRouter.swift */; };
		F5ADD0222BB57283005C93C0 /* TradeApiService.swift in Sources */ = {isa = PBXBuildFile; fileRef = F5ADD0212BB57283005C93C0 /* TradeApiService.swift */; };
		F5ADD0242BB59CC7005C93C0 /* TradeVM.swift in Sources */ = {isa = PBXBuildFile; fileRef = F5ADD0232BB59CC7005C93C0 /* TradeVM.swift */; };
		F5ADD0262BB59D02005C93C0 /* TradeModel.swift in Sources */ = {isa = PBXBuildFile; fileRef = F5ADD0252BB59D02005C93C0 /* TradeModel.swift */; };
		F5ADD0282BB5B8CF005C93C0 /* ReservationView.swift in Sources */ = {isa = PBXBuildFile; fileRef = F5ADD0272BB5B8CF005C93C0 /* ReservationView.swift */; };
/* End PBXBuildFile section */

/* Begin PBXFileReference section */
		F52CC6432BAC7AF400F591AE /* BackNavigationIconBar.swift */ = {isa = PBXFileReference; lastKnownFileType = sourcecode.swift; path = BackNavigationIconBar.swift; sourceTree = "<group>"; };
		F52CC6452BAD392100F591AE /* SaleEditView.swift */ = {isa = PBXFileReference; lastKnownFileType = sourcecode.swift; path = SaleEditView.swift; sourceTree = "<group>"; };
		F52CC6472BAD509D00F591AE /* KeyboardUtils.swift */ = {isa = PBXFileReference; lastKnownFileType = sourcecode.swift; path = KeyboardUtils.swift; sourceTree = "<group>"; };
		F52CC6492BAD628B00F591AE /* ImageViewer.swift */ = {isa = PBXFileReference; lastKnownFileType = sourcecode.swift; path = ImageViewer.swift; sourceTree = "<group>"; };
		F57DDF8F2BD0FF8F0024A12B /* EmptyRoomView.swift */ = {isa = PBXFileReference; lastKnownFileType = sourcecode.swift; path = EmptyRoomView.swift; sourceTree = "<group>"; };
		F58916702BA1EABD008EC345 /* hanbat-market.app */ = {isa = PBXFileReference; explicitFileType = wrapper.application; includeInIndex = 0; path = "hanbat-market.app"; sourceTree = BUILT_PRODUCTS_DIR; };
		F58916732BA1EABD008EC345 /* hanbat_marketApp.swift */ = {isa = PBXFileReference; lastKnownFileType = sourcecode.swift; path = hanbat_marketApp.swift; sourceTree = "<group>"; };
		F58916752BA1EABD008EC345 /* ContentView.swift */ = {isa = PBXFileReference; lastKnownFileType = sourcecode.swift; path = ContentView.swift; sourceTree = "<group>"; };
		F58916772BA1EABF008EC345 /* Assets.xcassets */ = {isa = PBXFileReference; lastKnownFileType = folder.assetcatalog; path = Assets.xcassets; sourceTree = "<group>"; };
		F589167A2BA1EABF008EC345 /* Preview Assets.xcassets */ = {isa = PBXFileReference; lastKnownFileType = folder.assetcatalog; path = "Preview Assets.xcassets"; sourceTree = "<group>"; };
		F589169A2BA3063F008EC345 /* LoginView.swift */ = {isa = PBXFileReference; lastKnownFileType = sourcecode.swift; path = LoginView.swift; sourceTree = "<group>"; };
		F589169D2BA3124A008EC345 /* RegisterView.swift */ = {isa = PBXFileReference; lastKnownFileType = sourcecode.swift; path = RegisterView.swift; sourceTree = "<group>"; };
		F58916A12BA3140D008EC345 /* AuthInput.swift */ = {isa = PBXFileReference; lastKnownFileType = sourcecode.swift; path = AuthInput.swift; sourceTree = "<group>"; };
		F58916A32BA3164B008EC345 /* AuthButton.swift */ = {isa = PBXFileReference; lastKnownFileType = sourcecode.swift; path = AuthButton.swift; sourceTree = "<group>"; };
		F58916A52BA32597008EC345 /* CompletedView.swift */ = {isa = PBXFileReference; lastKnownFileType = sourcecode.swift; path = CompletedView.swift; sourceTree = "<group>"; };
		F58916A82BA58850008EC345 /* AuthModel.swift */ = {isa = PBXFileReference; lastKnownFileType = sourcecode.swift; path = AuthModel.swift; sourceTree = "<group>"; };
		F58916AA2BA589B0008EC345 /* CommonModel.swift */ = {isa = PBXFileReference; lastKnownFileType = sourcecode.swift; path = CommonModel.swift; sourceTree = "<group>"; };
		F58916B62BA58B33008EC345 /* ApiClient.swift */ = {isa = PBXFileReference; lastKnownFileType = sourcecode.swift; path = ApiClient.swift; sourceTree = "<group>"; };
		F58916B82BA58B44008EC345 /* ApiLogger.swift */ = {isa = PBXFileReference; lastKnownFileType = sourcecode.swift; path = ApiLogger.swift; sourceTree = "<group>"; };
		F58916BA2BA58B52008EC345 /* BaseInterceptor.swift */ = {isa = PBXFileReference; lastKnownFileType = sourcecode.swift; path = BaseInterceptor.swift; sourceTree = "<group>"; };
		F58916BC2BA58B71008EC345 /* AuthApiService.swift */ = {isa = PBXFileReference; lastKnownFileType = sourcecode.swift; path = AuthApiService.swift; sourceTree = "<group>"; };
		F58916BE2BA58B7B008EC345 /* AuthRouter.swift */ = {isa = PBXFileReference; lastKnownFileType = sourcecode.swift; path = AuthRouter.swift; sourceTree = "<group>"; };
		F58916C02BA58E19008EC345 /* CommonStyle.swift */ = {isa = PBXFileReference; lastKnownFileType = sourcecode.swift; path = CommonStyle.swift; sourceTree = "<group>"; };
		F58916C32BA59357008EC345 /* AuthVM.swift */ = {isa = PBXFileReference; lastKnownFileType = sourcecode.swift; path = AuthVM.swift; sourceTree = "<group>"; };
		F589171E2BA81F51008EC345 /* HomeView.swift */ = {isa = PBXFileReference; lastKnownFileType = sourcecode.swift; path = HomeView.swift; sourceTree = "<group>"; };
		F58917262BA82C7B008EC345 /* SessionManager.swift */ = {isa = PBXFileReference; lastKnownFileType = sourcecode.swift; path = SessionManager.swift; sourceTree = "<group>"; };
		F589172B2BA85B2E008EC345 /* HomeRouter.swift */ = {isa = PBXFileReference; lastKnownFileType = sourcecode.swift; path = HomeRouter.swift; sourceTree = "<group>"; };
		F589172D2BA85BC1008EC345 /* HomeApiService.swift */ = {isa = PBXFileReference; lastKnownFileType = sourcecode.swift; path = HomeApiService.swift; sourceTree = "<group>"; };
		F589172F2BA85C15008EC345 /* HomeModel.swift */ = {isa = PBXFileReference; lastKnownFileType = sourcecode.swift; path = HomeModel.swift; sourceTree = "<group>"; };
		F58917312BA85D6F008EC345 /* HomeVM.swift */ = {isa = PBXFileReference; lastKnownFileType = sourcecode.swift; path = HomeVM.swift; sourceTree = "<group>"; };
		F58917362BA89756008EC345 /* ChatView.swift */ = {isa = PBXFileReference; lastKnownFileType = sourcecode.swift; path = ChatView.swift; sourceTree = "<group>"; };
		F58917382BA8976F008EC345 /* PreemptionView.swift */ = {isa = PBXFileReference; lastKnownFileType = sourcecode.swift; path = PreemptionView.swift; sourceTree = "<group>"; };
		F589173A2BA89779008EC345 /* ProfileView.swift */ = {isa = PBXFileReference; lastKnownFileType = sourcecode.swift; path = ProfileView.swift; sourceTree = "<group>"; };
		F589173C2BA8A0BD008EC345 /* CustomTabView.swift */ = {isa = PBXFileReference; lastKnownFileType = sourcecode.swift; path = CustomTabView.swift; sourceTree = "<group>"; };
		F589173E2BA9772F008EC345 /* NavigationBar.swift */ = {isa = PBXFileReference; lastKnownFileType = sourcecode.swift; path = NavigationBar.swift; sourceTree = "<group>"; };
		F58917412BA97851008EC345 /* SettingView.swift */ = {isa = PBXFileReference; lastKnownFileType = sourcecode.swift; path = SettingView.swift; sourceTree = "<group>"; };
		F58917432BA97875008EC345 /* BackNavigationBar.swift */ = {isa = PBXFileReference; lastKnownFileType = sourcecode.swift; path = BackNavigationBar.swift; sourceTree = "<group>"; };
		F58917492BA9B59E008EC345 /* SaleView.swift */ = {isa = PBXFileReference; lastKnownFileType = sourcecode.swift; path = SaleView.swift; sourceTree = "<group>"; };
		F589174B2BA9C422008EC345 /* SaleModel.swift */ = {isa = PBXFileReference; lastKnownFileType = sourcecode.swift; path = SaleModel.swift; sourceTree = "<group>"; };
		F589174D2BAAA551008EC345 /* SaleRouter.swift */ = {isa = PBXFileReference; lastKnownFileType = sourcecode.swift; path = SaleRouter.swift; sourceTree = "<group>"; };
		F589174F2BAABB8A008EC345 /* SaleApiService.swift */ = {isa = PBXFileReference; lastKnownFileType = sourcecode.swift; path = SaleApiService.swift; sourceTree = "<group>"; };
		F58917512BAABC4C008EC345 /* SaleVM.swift */ = {isa = PBXFileReference; lastKnownFileType = sourcecode.swift; path = SaleVM.swift; sourceTree = "<group>"; };
		F58917532BAB147E008EC345 /* ArticleModel.swift */ = {isa = PBXFileReference; lastKnownFileType = sourcecode.swift; path = ArticleModel.swift; sourceTree = "<group>"; };
		F58917552BAB15A0008EC345 /* ArticleView.swift */ = {isa = PBXFileReference; lastKnownFileType = sourcecode.swift; path = ArticleView.swift; sourceTree = "<group>"; };
		F58917582BAB30FD008EC345 /* DateUtils.swift */ = {isa = PBXFileReference; lastKnownFileType = sourcecode.swift; path = DateUtils.swift; sourceTree = "<group>"; };
		F59363CE2BC28F490023302B /* OAuthVM.swift */ = {isa = PBXFileReference; lastKnownFileType = sourcecode.swift; path = OAuthVM.swift; sourceTree = "<group>"; };
		F59363D02BC28F980023302B /* OAuthApiService.swift */ = {isa = PBXFileReference; lastKnownFileType = sourcecode.swift; path = OAuthApiService.swift; sourceTree = "<group>"; };
		F59363D52BC413690023302B /* OAuthManager.swift */ = {isa = PBXFileReference; lastKnownFileType = sourcecode.swift; path = OAuthManager.swift; sourceTree = "<group>"; };
		F59363D72BC43BCD0023302B /* Info.plist */ = {isa = PBXFileReference; lastKnownFileType = text.plist; path = Info.plist; sourceTree = "<group>"; };
		F59363D82BC7F6ED0023302B /* TermOfUseView.swift */ = {isa = PBXFileReference; lastKnownFileType = sourcecode.swift; path = TermOfUseView.swift; sourceTree = "<group>"; };
		F59363DA2BC7F8F70023302B /* WebView.swift */ = {isa = PBXFileReference; lastKnownFileType = sourcecode.swift; path = WebView.swift; sourceTree = "<group>"; };
		F59363DC2BC7FBD50023302B /* PrivacyPolicy.swift */ = {isa = PBXFileReference; lastKnownFileType = sourcecode.swift; path = PrivacyPolicy.swift; sourceTree = "<group>"; };
		F59363DE2BC80B570023302B /* CustomProgressView.swift */ = {isa = PBXFileReference; lastKnownFileType = sourcecode.swift; path = CustomProgressView.swift; sourceTree = "<group>"; };
		F59363E02BCC23E70023302B /* ChatRouter.swift */ = {isa = PBXFileReference; lastKnownFileType = sourcecode.swift; path = ChatRouter.swift; sourceTree = "<group>"; };
		F59363E22BCC248D0023302B /* ChatApiService.swift */ = {isa = PBXFileReference; lastKnownFileType = sourcecode.swift; path = ChatApiService.swift; sourceTree = "<group>"; };
		F59363E42BCC260F0023302B /* ChatModel.swift */ = {isa = PBXFileReference; lastKnownFileType = sourcecode.swift; path = ChatModel.swift; sourceTree = "<group>"; };
		F59363E62BCC26700023302B /* ChatVM.swift */ = {isa = PBXFileReference; lastKnownFileType = sourcecode.swift; path = ChatVM.swift; sourceTree = "<group>"; };
		F59363E82BCC2C9D0023302B /* RoomView.swift */ = {isa = PBXFileReference; lastKnownFileType = sourcecode.swift; path = RoomView.swift; sourceTree = "<group>"; };
		F5ADCFFC2BAFF94E005C93C0 /* PreemptionModel.swift */ = {isa = PBXFileReference; lastKnownFileType = sourcecode.swift; path = PreemptionModel.swift; sourceTree = "<group>"; };
		F5ADCFFE2BAFFA2A005C93C0 /* PreemptionRouter.swift */ = {isa = PBXFileReference; lastKnownFileType = sourcecode.swift; path = PreemptionRouter.swift; sourceTree = "<group>"; };
		F5ADD0002BAFFAAF005C93C0 /* PreemptionApiService.swift */ = {isa = PBXFileReference; lastKnownFileType = sourcecode.swift; path = PreemptionApiService.swift; sourceTree = "<group>"; };
		F5ADD0022BAFFADA005C93C0 /* PreemptionVM.swift */ = {isa = PBXFileReference; lastKnownFileType = sourcecode.swift; path = PreemptionVM.swift; sourceTree = "<group>"; };
		F5ADD0152BB3F781005C93C0 /* SearchView.swift */ = {isa = PBXFileReference; lastKnownFileType = sourcecode.swift; path = SearchView.swift; sourceTree = "<group>"; };
		F5ADD0172BB3FBBC005C93C0 /* SearchRouter.swift */ = {isa = PBXFileReference; lastKnownFileType = sourcecode.swift; path = SearchRouter.swift; sourceTree = "<group>"; };
		F5ADD0192BB3FCA4005C93C0 /* SearchApiService.swift */ = {isa = PBXFileReference; lastKnownFileType = sourcecode.swift; path = SearchApiService.swift; sourceTree = "<group>"; };
		F5ADD01B2BB3FD2C005C93C0 /* SearchVM.swift */ = {isa = PBXFileReference; lastKnownFileType = sourcecode.swift; path = SearchVM.swift; sourceTree = "<group>"; };
		F5ADD01D2BB56EFB005C93C0 /* TradeView.swift */ = {isa = PBXFileReference; lastKnownFileType = sourcecode.swift; path = TradeView.swift; sourceTree = "<group>"; };
		F5ADD01F2BB56F63005C93C0 /* TradeRouter.swift */ = {isa = PBXFileReference; lastKnownFileType = sourcecode.swift; path = TradeRouter.swift; sourceTree = "<group>"; };
		F5ADD0212BB57283005C93C0 /* TradeApiService.swift */ = {isa = PBXFileReference; lastKnownFileType = sourcecode.swift; path = TradeApiService.swift; sourceTree = "<group>"; };
		F5ADD0232BB59CC7005C93C0 /* TradeVM.swift */ = {isa = PBXFileReference; lastKnownFileType = sourcecode.swift; path = TradeVM.swift; sourceTree = "<group>"; };
		F5ADD0252BB59D02005C93C0 /* TradeModel.swift */ = {isa = PBXFileReference; lastKnownFileType = sourcecode.swift; path = TradeModel.swift; sourceTree = "<group>"; };
		F5ADD0272BB5B8CF005C93C0 /* ReservationView.swift */ = {isa = PBXFileReference; lastKnownFileType = sourcecode.swift; path = ReservationView.swift; sourceTree = "<group>"; };
/* End PBXFileReference section */

/* Begin PBXFrameworksBuildPhase section */
		F589166D2BA1EABD008EC345 /* Frameworks */ = {
			isa = PBXFrameworksBuildPhase;
			buildActionMask = 2147483647;
			files = (
				F5ADD0132BB2CEF5005C93C0 /* CachedAsyncImage in Frameworks */,
				F58917172BA69782008EC345 /* Alamofire in Frameworks */,
				F59363D42BC2DC990023302B /* JWTDecode in Frameworks */,
				F58917192BA69782008EC345 /* AlamofireDynamic in Frameworks */,
				F59363F02BCC3DE20023302B /* LDSwiftEventSource in Frameworks */,
				F59363EC2BCC30010023302B /* Kingfisher in Frameworks */,
			);
			runOnlyForDeploymentPostprocessing = 0;
		};
/* End PBXFrameworksBuildPhase section */

/* Begin PBXGroup section */
		F58916672BA1EABD008EC345 = {
			isa = PBXGroup;
			children = (
				F58916722BA1EABD008EC345 /* hanbat-market */,
				F58916712BA1EABD008EC345 /* Products */,
			);
			sourceTree = "<group>";
		};
		F58916712BA1EABD008EC345 /* Products */ = {
			isa = PBXGroup;
			children = (
				F58916702BA1EABD008EC345 /* hanbat-market.app */,
			);
			name = Products;
			sourceTree = "<group>";
		};
		F58916722BA1EABD008EC345 /* hanbat-market */ = {
			isa = PBXGroup;
			children = (
				F59363D72BC43BCD0023302B /* Info.plist */,
				F58917572BAB30EE008EC345 /* Utils */,
				F58917252BA82C6B008EC345 /* Managers */,
				F58916A72BA587A6008EC345 /* Models */,
				F58916B12BA58AFA008EC345 /* API */,
				F58916A02BA313E4008EC345 /* Components */,
				F58916992BA3062D008EC345 /* Views */,
				F58916C22BA59346008EC345 /* ViewModels */,
				F58916732BA1EABD008EC345 /* hanbat_marketApp.swift */,
				F58916752BA1EABD008EC345 /* ContentView.swift */,
				F58916772BA1EABF008EC345 /* Assets.xcassets */,
				F58916792BA1EABF008EC345 /* Preview Content */,
			);
			path = "hanbat-market";
			sourceTree = "<group>";
		};
		F58916792BA1EABF008EC345 /* Preview Content */ = {
			isa = PBXGroup;
			children = (
				F589167A2BA1EABF008EC345 /* Preview Assets.xcassets */,
			);
			path = "Preview Content";
			sourceTree = "<group>";
		};
		F58916992BA3062D008EC345 /* Views */ = {
			isa = PBXGroup;
			children = (
				F5ADD0142BB3F774005C93C0 /* Search */,
				F58917402BA97844008EC345 /* Setting */,
				F58917352BA89745008EC345 /* Profile */,
				F58917342BA8973A008EC345 /* Preemption */,
				F58917332BA896F9008EC345 /* Chat */,
				F589171D2BA81F45008EC345 /* Home */,
				F589169C2BA311E8008EC345 /* Auth */,
			);
			path = Views;
			sourceTree = "<group>";
		};
		F589169C2BA311E8008EC345 /* Auth */ = {
			isa = PBXGroup;
			children = (
				F589169A2BA3063F008EC345 /* LoginView.swift */,
				F589169D2BA3124A008EC345 /* RegisterView.swift */,
				F58916A52BA32597008EC345 /* CompletedView.swift */,
			);
			path = Auth;
			sourceTree = "<group>";
		};
		F58916A02BA313E4008EC345 /* Components */ = {
			isa = PBXGroup;
			children = (
				F58916A12BA3140D008EC345 /* AuthInput.swift */,
				F58916A32BA3164B008EC345 /* AuthButton.swift */,
				F58916C02BA58E19008EC345 /* CommonStyle.swift */,
				F589173C2BA8A0BD008EC345 /* CustomTabView.swift */,
				F589173E2BA9772F008EC345 /* NavigationBar.swift */,
				F58917432BA97875008EC345 /* BackNavigationBar.swift */,
				F52CC6432BAC7AF400F591AE /* BackNavigationIconBar.swift */,
				F52CC6492BAD628B00F591AE /* ImageViewer.swift */,
				F59363DE2BC80B570023302B /* CustomProgressView.swift */,
			);
			path = Components;
			sourceTree = "<group>";
		};
		F58916A72BA587A6008EC345 /* Models */ = {
			isa = PBXGroup;
			children = (
				F58916A82BA58850008EC345 /* AuthModel.swift */,
				F58916AA2BA589B0008EC345 /* CommonModel.swift */,
				F589172F2BA85C15008EC345 /* HomeModel.swift */,
				F589174B2BA9C422008EC345 /* SaleModel.swift */,
				F58917532BAB147E008EC345 /* ArticleModel.swift */,
				F5ADCFFC2BAFF94E005C93C0 /* PreemptionModel.swift */,
				F5ADD0252BB59D02005C93C0 /* TradeModel.swift */,
				F59363E42BCC260F0023302B /* ChatModel.swift */,
			);
			path = Models;
			sourceTree = "<group>";
		};
		F58916B12BA58AFA008EC345 /* API */ = {
			isa = PBXGroup;
			children = (
				F58916B52BA58B26008EC345 /* Service */,
				F58916B42BA58B1A008EC345 /* Interceptor */,
				F58916B22BA58B11008EC345 /* Router */,
				F58916B62BA58B33008EC345 /* ApiClient.swift */,
				F58916B82BA58B44008EC345 /* ApiLogger.swift */,
			);
			path = API;
			sourceTree = "<group>";
		};
		F58916B22BA58B11008EC345 /* Router */ = {
			isa = PBXGroup;
			children = (
				F58916BE2BA58B7B008EC345 /* AuthRouter.swift */,
				F589172B2BA85B2E008EC345 /* HomeRouter.swift */,
				F589174D2BAAA551008EC345 /* SaleRouter.swift */,
				F5ADCFFE2BAFFA2A005C93C0 /* PreemptionRouter.swift */,
				F5ADD0172BB3FBBC005C93C0 /* SearchRouter.swift */,
				F5ADD01F2BB56F63005C93C0 /* TradeRouter.swift */,
				F59363E02BCC23E70023302B /* ChatRouter.swift */,
			);
			path = Router;
			sourceTree = "<group>";
		};
		F58916B42BA58B1A008EC345 /* Interceptor */ = {
			isa = PBXGroup;
			children = (
				F58916BA2BA58B52008EC345 /* BaseInterceptor.swift */,
			);
			path = Interceptor;
			sourceTree = "<group>";
		};
		F58916B52BA58B26008EC345 /* Service */ = {
			isa = PBXGroup;
			children = (
				F58916BC2BA58B71008EC345 /* AuthApiService.swift */,
				F59363D02BC28F980023302B /* OAuthApiService.swift */,
				F589172D2BA85BC1008EC345 /* HomeApiService.swift */,
				F589174F2BAABB8A008EC345 /* SaleApiService.swift */,
				F5ADD0002BAFFAAF005C93C0 /* PreemptionApiService.swift */,
				F5ADD0192BB3FCA4005C93C0 /* SearchApiService.swift */,
				F5ADD0212BB57283005C93C0 /* TradeApiService.swift */,
				F59363E22BCC248D0023302B /* ChatApiService.swift */,
			);
			path = Service;
			sourceTree = "<group>";
		};
		F58916C22BA59346008EC345 /* ViewModels */ = {
			isa = PBXGroup;
			children = (
				F58916C32BA59357008EC345 /* AuthVM.swift */,
				F58917312BA85D6F008EC345 /* HomeVM.swift */,
				F58917512BAABC4C008EC345 /* SaleVM.swift */,
				F5ADD0022BAFFADA005C93C0 /* PreemptionVM.swift */,
				F5ADD01B2BB3FD2C005C93C0 /* SearchVM.swift */,
				F5ADD0232BB59CC7005C93C0 /* TradeVM.swift */,
				F59363CE2BC28F490023302B /* OAuthVM.swift */,
				F59363E62BCC26700023302B /* ChatVM.swift */,
			);
			path = ViewModels;
			sourceTree = "<group>";
		};
		F589171D2BA81F45008EC345 /* Home */ = {
			isa = PBXGroup;
			children = (
				F589171E2BA81F51008EC345 /* HomeView.swift */,
				F58917492BA9B59E008EC345 /* SaleView.swift */,
				F52CC6452BAD392100F591AE /* SaleEditView.swift */,
				F58917552BAB15A0008EC345 /* ArticleView.swift */,
			);
			path = Home;
			sourceTree = "<group>";
		};
		F58917252BA82C6B008EC345 /* Managers */ = {
			isa = PBXGroup;
			children = (
				F58917262BA82C7B008EC345 /* SessionManager.swift */,
				F59363D52BC413690023302B /* OAuthManager.swift */,
			);
			path = Managers;
			sourceTree = "<group>";
		};
		F58917332BA896F9008EC345 /* Chat */ = {
			isa = PBXGroup;
			children = (
				F58917362BA89756008EC345 /* ChatView.swift */,
				F5ADD01D2BB56EFB005C93C0 /* TradeView.swift */,
				F59363E82BCC2C9D0023302B /* RoomView.swift */,
				F57DDF8F2BD0FF8F0024A12B /* EmptyRoomView.swift */,
			);
			path = Chat;
			sourceTree = "<group>";
		};
		F58917342BA8973A008EC345 /* Preemption */ = {
			isa = PBXGroup;
			children = (
				F58917382BA8976F008EC345 /* PreemptionView.swift */,
			);
			path = Preemption;
			sourceTree = "<group>";
		};
		F58917352BA89745008EC345 /* Profile */ = {
			isa = PBXGroup;
			children = (
				F589173A2BA89779008EC345 /* ProfileView.swift */,
				F5ADD0272BB5B8CF005C93C0 /* ReservationView.swift */,
			);
			path = Profile;
			sourceTree = "<group>";
		};
		F58917402BA97844008EC345 /* Setting */ = {
			isa = PBXGroup;
			children = (
				F58917412BA97851008EC345 /* SettingView.swift */,
				F59363D82BC7F6ED0023302B /* TermOfUseView.swift */,
				F59363DC2BC7FBD50023302B /* PrivacyPolicy.swift */,
			);
			path = Setting;
			sourceTree = "<group>";
		};
		F58917572BAB30EE008EC345 /* Utils */ = {
			isa = PBXGroup;
			children = (
				F58917582BAB30FD008EC345 /* DateUtils.swift */,
				F52CC6472BAD509D00F591AE /* KeyboardUtils.swift */,
				F59363DA2BC7F8F70023302B /* WebView.swift */,
			);
			path = Utils;
			sourceTree = "<group>";
		};
		F5ADD0142BB3F774005C93C0 /* Search */ = {
			isa = PBXGroup;
			children = (
				F5ADD0152BB3F781005C93C0 /* SearchView.swift */,
			);
			path = Search;
			sourceTree = "<group>";
		};
/* End PBXGroup section */

/* Begin PBXNativeTarget section */
		F589166F2BA1EABD008EC345 /* hanbat-market */ = {
			isa = PBXNativeTarget;
			buildConfigurationList = F589167E2BA1EABF008EC345 /* Build configuration list for PBXNativeTarget "hanbat-market" */;
			buildPhases = (
				F589166C2BA1EABD008EC345 /* Sources */,
				F589166D2BA1EABD008EC345 /* Frameworks */,
				F589166E2BA1EABD008EC345 /* Resources */,
			);
			buildRules = (
			);
			dependencies = (
			);
			name = "hanbat-market";
			packageProductDependencies = (
				F58917162BA69782008EC345 /* Alamofire */,
				F58917182BA69782008EC345 /* AlamofireDynamic */,
				F5ADD0122BB2CEF5005C93C0 /* CachedAsyncImage */,
				F59363D32BC2DC990023302B /* JWTDecode */,
				F59363EB2BCC30010023302B /* Kingfisher */,
				F59363EF2BCC3DE20023302B /* LDSwiftEventSource */,
			);
			productName = "hanbat-market";
			productReference = F58916702BA1EABD008EC345 /* hanbat-market.app */;
			productType = "com.apple.product-type.application";
		};
/* End PBXNativeTarget section */

/* Begin PBXProject section */
		F58916682BA1EABD008EC345 /* Project object */ = {
			isa = PBXProject;
			attributes = {
				BuildIndependentTargetsInParallel = 1;
				LastSwiftUpdateCheck = 1530;
				LastUpgradeCheck = 1530;
				TargetAttributes = {
					F589166F2BA1EABD008EC345 = {
						CreatedOnToolsVersion = 15.3;
					};
				};
			};
			buildConfigurationList = F589166B2BA1EABD008EC345 /* Build configuration list for PBXProject "hanbat-market" */;
			compatibilityVersion = "Xcode 14.0";
			developmentRegion = en;
			hasScannedForEncodings = 0;
			knownRegions = (
				en,
				Base,
			);
			mainGroup = F58916672BA1EABD008EC345;
			packageReferences = (
				F58917152BA69782008EC345 /* XCRemoteSwiftPackageReference "Alamofire" */,
				F5ADD0112BB2CEF5005C93C0 /* XCRemoteSwiftPackageReference "swiftui-cached-async-image" */,
				F59363D22BC2DC990023302B /* XCRemoteSwiftPackageReference "JWTDecode" */,
				F59363EA2BCC30010023302B /* XCRemoteSwiftPackageReference "Kingfisher" */,
				F59363EE2BCC3C730023302B /* XCRemoteSwiftPackageReference "swift-eventsource" */,
			);
			productRefGroup = F58916712BA1EABD008EC345 /* Products */;
			projectDirPath = "";
			projectRoot = "";
			targets = (
				F589166F2BA1EABD008EC345 /* hanbat-market */,
			);
		};
/* End PBXProject section */

/* Begin PBXResourcesBuildPhase section */
		F589166E2BA1EABD008EC345 /* Resources */ = {
			isa = PBXResourcesBuildPhase;
			buildActionMask = 2147483647;
			files = (
				F589167B2BA1EABF008EC345 /* Preview Assets.xcassets in Resources */,
				F58916782BA1EABF008EC345 /* Assets.xcassets in Resources */,
			);
			runOnlyForDeploymentPostprocessing = 0;
		};
/* End PBXResourcesBuildPhase section */

/* Begin PBXSourcesBuildPhase section */
		F589166C2BA1EABD008EC345 /* Sources */ = {
			isa = PBXSourcesBuildPhase;
			buildActionMask = 2147483647;
			files = (
				F58916BF2BA58B7B008EC345 /* AuthRouter.swift in Sources */,
				F5ADD0182BB3FBBC005C93C0 /* SearchRouter.swift in Sources */,
				F58917442BA97875008EC345 /* BackNavigationBar.swift in Sources */,
				F59363D92BC7F6ED0023302B /* TermOfUseView.swift in Sources */,
				F58917392BA8976F008EC345 /* PreemptionView.swift in Sources */,
				F58917322BA85D6F008EC345 /* HomeVM.swift in Sources */,
				F58917372BA89756008EC345 /* ChatView.swift in Sources */,
				F589169B2BA3063F008EC345 /* LoginView.swift in Sources */,
				F5ADD0222BB57283005C93C0 /* TradeApiService.swift in Sources */,
				F5ADCFFD2BAFF94E005C93C0 /* PreemptionModel.swift in Sources */,
				F5ADD0012BAFFAAF005C93C0 /* PreemptionApiService.swift in Sources */,
				F59363DF2BC80B570023302B /* CustomProgressView.swift in Sources */,
				F589173D2BA8A0BD008EC345 /* CustomTabView.swift in Sources */,
				F57DDF902BD0FF8F0024A12B /* EmptyRoomView.swift in Sources */,
				F58917562BAB15A0008EC345 /* ArticleView.swift in Sources */,
				F58917272BA82C7B008EC345 /* SessionManager.swift in Sources */,
				F58916A42BA3164B008EC345 /* AuthButton.swift in Sources */,
				F589173B2BA89779008EC345 /* ProfileView.swift in Sources */,
				F589172C2BA85B2E008EC345 /* HomeRouter.swift in Sources */,
				F58916C12BA58E19008EC345 /* CommonStyle.swift in Sources */,
				F52CC6442BAC7AF400F591AE /* BackNavigationIconBar.swift in Sources */,
				F5ADCFFF2BAFFA2A005C93C0 /* PreemptionRouter.swift in Sources */,
				F58916BB2BA58B52008EC345 /* BaseInterceptor.swift in Sources */,
				F59363DB2BC7F8F70023302B /* WebView.swift in Sources */,
				F589172E2BA85BC1008EC345 /* HomeApiService.swift in Sources */,
				F59363D62BC413690023302B /* OAuthManager.swift in Sources */,
				F52CC64A2BAD628B00F591AE /* ImageViewer.swift in Sources */,
				F59363E32BCC248D0023302B /* ChatApiService.swift in Sources */,
				F589171F2BA81F52008EC345 /* HomeView.swift in Sources */,
				F59363E12BCC23E70023302B /* ChatRouter.swift in Sources */,
				F58916AB2BA589B0008EC345 /* CommonModel.swift in Sources */,
				F5ADD0202BB56F63005C93C0 /* TradeRouter.swift in Sources */,
				F58917502BAABB8A008EC345 /* SaleApiService.swift in Sources */,
				F58916A62BA32597008EC345 /* CompletedView.swift in Sources */,
				F589174E2BAAA551008EC345 /* SaleRouter.swift in Sources */,
				F5ADD01C2BB3FD2C005C93C0 /* SearchVM.swift in Sources */,
				F58916A22BA3140D008EC345 /* AuthInput.swift in Sources */,
				F5ADD0242BB59CC7005C93C0 /* TradeVM.swift in Sources */,
				F589174C2BA9C422008EC345 /* SaleModel.swift in Sources */,
				F52CC6462BAD392100F591AE /* SaleEditView.swift in Sources */,
				F59363DD2BC7FBD50023302B /* PrivacyPolicy.swift in Sources */,
				F52CC6482BAD509D00F591AE /* KeyboardUtils.swift in Sources */,
				F58917422BA97851008EC345 /* SettingView.swift in Sources */,
				F59363E72BCC26700023302B /* ChatVM.swift in Sources */,
				F58917592BAB30FD008EC345 /* DateUtils.swift in Sources */,
				F5ADD01E2BB56EFC005C93C0 /* TradeView.swift in Sources */,
				F589169E2BA3124A008EC345 /* RegisterView.swift in Sources */,
				F58916A92BA58850008EC345 /* AuthModel.swift in Sources */,
				F5ADD01A2BB3FCA4005C93C0 /* SearchApiService.swift in Sources */,
				F58916762BA1EABD008EC345 /* ContentView.swift in Sources */,
				F58916742BA1EABD008EC345 /* hanbat_marketApp.swift in Sources */,
				F58916C42BA59357008EC345 /* AuthVM.swift in Sources */,
				F59363E52BCC260F0023302B /* ChatModel.swift in Sources */,
				F5ADD0162BB3F781005C93C0 /* SearchView.swift in Sources */,
				F59363CF2BC28F490023302B /* OAuthVM.swift in Sources */,
				F58917302BA85C15008EC345 /* HomeModel.swift in Sources */,
				F589173F2BA97730008EC345 /* NavigationBar.swift in Sources */,
				F5ADD0262BB59D02005C93C0 /* TradeModel.swift in Sources */,
				F5ADD0282BB5B8CF005C93C0 /* ReservationView.swift in Sources */,
				F59363E92BCC2C9D0023302B /* RoomView.swift in Sources */,
				F58916BD2BA58B71008EC345 /* AuthApiService.swift in Sources */,
				F589174A2BA9B59E008EC345 /* SaleView.swift in Sources */,
				F59363D12BC28F980023302B /* OAuthApiService.swift in Sources */,
				F58917542BAB147E008EC345 /* ArticleModel.swift in Sources */,
				F5ADD0032BAFFADA005C93C0 /* PreemptionVM.swift in Sources */,
				F58917522BAABC4C008EC345 /* SaleVM.swift in Sources */,
				F58916B92BA58B44008EC345 /* ApiLogger.swift in Sources */,
				F58916B72BA58B33008EC345 /* ApiClient.swift in Sources */,
			);
			runOnlyForDeploymentPostprocessing = 0;
		};
/* End PBXSourcesBuildPhase section */

/* Begin XCBuildConfiguration section */
		F589167C2BA1EABF008EC345 /* Debug */ = {
			isa = XCBuildConfiguration;
			buildSettings = {
				ALWAYS_SEARCH_USER_PATHS = NO;
				ASSETCATALOG_COMPILER_GENERATE_SWIFT_ASSET_SYMBOL_EXTENSIONS = YES;
				CLANG_ANALYZER_NONNULL = YES;
				CLANG_ANALYZER_NUMBER_OBJECT_CONVERSION = YES_AGGRESSIVE;
				CLANG_CXX_LANGUAGE_STANDARD = "gnu++20";
				CLANG_ENABLE_MODULES = YES;
				CLANG_ENABLE_OBJC_ARC = YES;
				CLANG_ENABLE_OBJC_WEAK = YES;
				CLANG_WARN_BLOCK_CAPTURE_AUTORELEASING = YES;
				CLANG_WARN_BOOL_CONVERSION = YES;
				CLANG_WARN_COMMA = YES;
				CLANG_WARN_CONSTANT_CONVERSION = YES;
				CLANG_WARN_DEPRECATED_OBJC_IMPLEMENTATIONS = YES;
				CLANG_WARN_DIRECT_OBJC_ISA_USAGE = YES_ERROR;
				CLANG_WARN_DOCUMENTATION_COMMENTS = YES;
				CLANG_WARN_EMPTY_BODY = YES;
				CLANG_WARN_ENUM_CONVERSION = YES;
				CLANG_WARN_INFINITE_RECURSION = YES;
				CLANG_WARN_INT_CONVERSION = YES;
				CLANG_WARN_NON_LITERAL_NULL_CONVERSION = YES;
				CLANG_WARN_OBJC_IMPLICIT_RETAIN_SELF = YES;
				CLANG_WARN_OBJC_LITERAL_CONVERSION = YES;
				CLANG_WARN_OBJC_ROOT_CLASS = YES_ERROR;
				CLANG_WARN_QUOTED_INCLUDE_IN_FRAMEWORK_HEADER = YES;
				CLANG_WARN_RANGE_LOOP_ANALYSIS = YES;
				CLANG_WARN_STRICT_PROTOTYPES = YES;
				CLANG_WARN_SUSPICIOUS_MOVE = YES;
				CLANG_WARN_UNGUARDED_AVAILABILITY = YES_AGGRESSIVE;
				CLANG_WARN_UNREACHABLE_CODE = YES;
				CLANG_WARN__DUPLICATE_METHOD_MATCH = YES;
				COPY_PHASE_STRIP = NO;
				DEBUG_INFORMATION_FORMAT = dwarf;
				ENABLE_STRICT_OBJC_MSGSEND = YES;
				ENABLE_TESTABILITY = YES;
				ENABLE_USER_SCRIPT_SANDBOXING = YES;
				GCC_C_LANGUAGE_STANDARD = gnu17;
				GCC_DYNAMIC_NO_PIC = NO;
				GCC_NO_COMMON_BLOCKS = YES;
				GCC_OPTIMIZATION_LEVEL = 0;
				GCC_PREPROCESSOR_DEFINITIONS = (
					"DEBUG=1",
					"$(inherited)",
				);
				GCC_WARN_64_TO_32_BIT_CONVERSION = YES;
				GCC_WARN_ABOUT_RETURN_TYPE = YES_ERROR;
				GCC_WARN_UNDECLARED_SELECTOR = YES;
				GCC_WARN_UNINITIALIZED_AUTOS = YES_AGGRESSIVE;
				GCC_WARN_UNUSED_FUNCTION = YES;
				GCC_WARN_UNUSED_VARIABLE = YES;
				IPHONEOS_DEPLOYMENT_TARGET = 17.4;
				LOCALIZATION_PREFERS_STRING_CATALOGS = YES;
				MTL_ENABLE_DEBUG_INFO = INCLUDE_SOURCE;
				MTL_FAST_MATH = YES;
				ONLY_ACTIVE_ARCH = YES;
				SDKROOT = iphoneos;
				SWIFT_ACTIVE_COMPILATION_CONDITIONS = "DEBUG $(inherited)";
				SWIFT_OPTIMIZATION_LEVEL = "-Onone";
			};
			name = Debug;
		};
		F589167D2BA1EABF008EC345 /* Release */ = {
			isa = XCBuildConfiguration;
			buildSettings = {
				ALWAYS_SEARCH_USER_PATHS = NO;
				ASSETCATALOG_COMPILER_GENERATE_SWIFT_ASSET_SYMBOL_EXTENSIONS = YES;
				CLANG_ANALYZER_NONNULL = YES;
				CLANG_ANALYZER_NUMBER_OBJECT_CONVERSION = YES_AGGRESSIVE;
				CLANG_CXX_LANGUAGE_STANDARD = "gnu++20";
				CLANG_ENABLE_MODULES = YES;
				CLANG_ENABLE_OBJC_ARC = YES;
				CLANG_ENABLE_OBJC_WEAK = YES;
				CLANG_WARN_BLOCK_CAPTURE_AUTORELEASING = YES;
				CLANG_WARN_BOOL_CONVERSION = YES;
				CLANG_WARN_COMMA = YES;
				CLANG_WARN_CONSTANT_CONVERSION = YES;
				CLANG_WARN_DEPRECATED_OBJC_IMPLEMENTATIONS = YES;
				CLANG_WARN_DIRECT_OBJC_ISA_USAGE = YES_ERROR;
				CLANG_WARN_DOCUMENTATION_COMMENTS = YES;
				CLANG_WARN_EMPTY_BODY = YES;
				CLANG_WARN_ENUM_CONVERSION = YES;
				CLANG_WARN_INFINITE_RECURSION = YES;
				CLANG_WARN_INT_CONVERSION = YES;
				CLANG_WARN_NON_LITERAL_NULL_CONVERSION = YES;
				CLANG_WARN_OBJC_IMPLICIT_RETAIN_SELF = YES;
				CLANG_WARN_OBJC_LITERAL_CONVERSION = YES;
				CLANG_WARN_OBJC_ROOT_CLASS = YES_ERROR;
				CLANG_WARN_QUOTED_INCLUDE_IN_FRAMEWORK_HEADER = YES;
				CLANG_WARN_RANGE_LOOP_ANALYSIS = YES;
				CLANG_WARN_STRICT_PROTOTYPES = YES;
				CLANG_WARN_SUSPICIOUS_MOVE = YES;
				CLANG_WARN_UNGUARDED_AVAILABILITY = YES_AGGRESSIVE;
				CLANG_WARN_UNREACHABLE_CODE = YES;
				CLANG_WARN__DUPLICATE_METHOD_MATCH = YES;
				COPY_PHASE_STRIP = NO;
				DEBUG_INFORMATION_FORMAT = "dwarf-with-dsym";
				ENABLE_NS_ASSERTIONS = NO;
				ENABLE_STRICT_OBJC_MSGSEND = YES;
				ENABLE_USER_SCRIPT_SANDBOXING = YES;
				GCC_C_LANGUAGE_STANDARD = gnu17;
				GCC_NO_COMMON_BLOCKS = YES;
				GCC_WARN_64_TO_32_BIT_CONVERSION = YES;
				GCC_WARN_ABOUT_RETURN_TYPE = YES_ERROR;
				GCC_WARN_UNDECLARED_SELECTOR = YES;
				GCC_WARN_UNINITIALIZED_AUTOS = YES_AGGRESSIVE;
				GCC_WARN_UNUSED_FUNCTION = YES;
				GCC_WARN_UNUSED_VARIABLE = YES;
				IPHONEOS_DEPLOYMENT_TARGET = 17.4;
				LOCALIZATION_PREFERS_STRING_CATALOGS = YES;
				MTL_ENABLE_DEBUG_INFO = NO;
				MTL_FAST_MATH = YES;
				SDKROOT = iphoneos;
				SWIFT_COMPILATION_MODE = wholemodule;
				VALIDATE_PRODUCT = YES;
			};
			name = Release;
		};
		F589167F2BA1EABF008EC345 /* Debug */ = {
			isa = XCBuildConfiguration;
			buildSettings = {
				ASSETCATALOG_COMPILER_APPICON_NAME = AppIcon;
				ASSETCATALOG_COMPILER_GLOBAL_ACCENT_COLOR_NAME = AccentColor;
				CODE_SIGN_STYLE = Automatic;
				CURRENT_PROJECT_VERSION = 1;
				DEVELOPMENT_ASSET_PATHS = "\"hanbat-market/Preview Content\"";
				DEVELOPMENT_TEAM = LBF339CHR8;
				ENABLE_PREVIEWS = YES;
				GENERATE_INFOPLIST_FILE = YES;
				INFOPLIST_FILE = "hanbat-market/Info.plist";
				INFOPLIST_KEY_NSLocationAlwaysAndWhenInUseUsageDescription = "한밭마켓에 게시글을 올리기 위해서는 위치 권한이 필요해요.";
				INFOPLIST_KEY_NSPhotoLibraryAddUsageDescription = "한밭마켓에 게시글을 올리기 위해서는 앨범 권한이 필요해요.";
				INFOPLIST_KEY_UIApplicationSceneManifest_Generation = YES;
				INFOPLIST_KEY_UIApplicationSupportsIndirectInputEvents = YES;
				INFOPLIST_KEY_UILaunchScreen_Generation = YES;
				INFOPLIST_KEY_UISupportedInterfaceOrientations_iPad = "UIInterfaceOrientationPortrait UIInterfaceOrientationPortraitUpsideDown UIInterfaceOrientationLandscapeLeft UIInterfaceOrientationLandscapeRight";
				INFOPLIST_KEY_UISupportedInterfaceOrientations_iPhone = "UIInterfaceOrientationPortrait UIInterfaceOrientationLandscapeLeft UIInterfaceOrientationLandscapeRight";
				INFOPLIST_KEY_UIUserInterfaceStyle = Light;
				IPHONEOS_DEPLOYMENT_TARGET = 17.0;
				LD_RUNPATH_SEARCH_PATHS = (
					"$(inherited)",
					"@executable_path/Frameworks",
				);
				MARKETING_VERSION = 1.0;
				PRODUCT_BUNDLE_IDENTIFIER = "com.donggyujin.hanbat-market";
				PRODUCT_NAME = "$(TARGET_NAME)";
				SWIFT_EMIT_LOC_STRINGS = YES;
				SWIFT_VERSION = 5.0;
				TARGETED_DEVICE_FAMILY = "1,2";
			};
			name = Debug;
		};
		F58916802BA1EABF008EC345 /* Release */ = {
			isa = XCBuildConfiguration;
			buildSettings = {
				ASSETCATALOG_COMPILER_APPICON_NAME = AppIcon;
				ASSETCATALOG_COMPILER_GLOBAL_ACCENT_COLOR_NAME = AccentColor;
				CODE_SIGN_STYLE = Automatic;
				CURRENT_PROJECT_VERSION = 1;
				DEVELOPMENT_ASSET_PATHS = "\"hanbat-market/Preview Content\"";
				DEVELOPMENT_TEAM = LBF339CHR8;
				ENABLE_PREVIEWS = YES;
				GENERATE_INFOPLIST_FILE = YES;
				INFOPLIST_FILE = "hanbat-market/Info.plist";
				INFOPLIST_KEY_NSLocationAlwaysAndWhenInUseUsageDescription = "한밭마켓에 게시글을 올리기 위해서는 위치 권한이 필요해요.";
				INFOPLIST_KEY_NSPhotoLibraryAddUsageDescription = "한밭마켓에 게시글을 올리기 위해서는 앨범 권한이 필요해요.";
				INFOPLIST_KEY_UIApplicationSceneManifest_Generation = YES;
				INFOPLIST_KEY_UIApplicationSupportsIndirectInputEvents = YES;
				INFOPLIST_KEY_UILaunchScreen_Generation = YES;
				INFOPLIST_KEY_UISupportedInterfaceOrientations_iPad = "UIInterfaceOrientationPortrait UIInterfaceOrientationPortraitUpsideDown UIInterfaceOrientationLandscapeLeft UIInterfaceOrientationLandscapeRight";
				INFOPLIST_KEY_UISupportedInterfaceOrientations_iPhone = "UIInterfaceOrientationPortrait UIInterfaceOrientationLandscapeLeft UIInterfaceOrientationLandscapeRight";
				INFOPLIST_KEY_UIUserInterfaceStyle = Light;
				IPHONEOS_DEPLOYMENT_TARGET = 17.0;
				LD_RUNPATH_SEARCH_PATHS = (
					"$(inherited)",
					"@executable_path/Frameworks",
				);
				MARKETING_VERSION = 1.0;
				PRODUCT_BUNDLE_IDENTIFIER = "com.donggyujin.hanbat-market";
				PRODUCT_NAME = "$(TARGET_NAME)";
				SWIFT_EMIT_LOC_STRINGS = YES;
				SWIFT_VERSION = 5.0;
				TARGETED_DEVICE_FAMILY = "1,2";
			};
			name = Release;
		};
/* End XCBuildConfiguration section */

/* Begin XCConfigurationList section */
		F589166B2BA1EABD008EC345 /* Build configuration list for PBXProject "hanbat-market" */ = {
			isa = XCConfigurationList;
			buildConfigurations = (
				F589167C2BA1EABF008EC345 /* Debug */,
				F589167D2BA1EABF008EC345 /* Release */,
			);
			defaultConfigurationIsVisible = 0;
			defaultConfigurationName = Release;
		};
		F589167E2BA1EABF008EC345 /* Build configuration list for PBXNativeTarget "hanbat-market" */ = {
			isa = XCConfigurationList;
			buildConfigurations = (
				F589167F2BA1EABF008EC345 /* Debug */,
				F58916802BA1EABF008EC345 /* Release */,
			);
			defaultConfigurationIsVisible = 0;
			defaultConfigurationName = Release;
		};
/* End XCConfigurationList section */

/* Begin XCRemoteSwiftPackageReference section */
		F58917152BA69782008EC345 /* XCRemoteSwiftPackageReference "Alamofire" */ = {
			isa = XCRemoteSwiftPackageReference;
			repositoryURL = "https://github.com/Alamofire/Alamofire.git";
			requirement = {
				kind = upToNextMajorVersion;
				minimumVersion = 5.9.0;
			};
		};
		F59363D22BC2DC990023302B /* XCRemoteSwiftPackageReference "JWTDecode" */ = {
			isa = XCRemoteSwiftPackageReference;
			repositoryURL = "https://github.com/auth0/JWTDecode.swift";
			requirement = {
				kind = upToNextMajorVersion;
				minimumVersion = 3.1.0;
			};
		};
		F59363EA2BCC30010023302B /* XCRemoteSwiftPackageReference "Kingfisher" */ = {
			isa = XCRemoteSwiftPackageReference;
			repositoryURL = "https://github.com/onevcat/Kingfisher.git";
			requirement = {
				kind = upToNextMajorVersion;
				minimumVersion = 7.11.0;
			};
		};
		F59363EE2BCC3C730023302B /* XCRemoteSwiftPackageReference "swift-eventsource" */ = {
			isa = XCRemoteSwiftPackageReference;
			repositoryURL = "https://github.com/LaunchDarkly/swift-eventsource.git";
			requirement = {
				kind = upToNextMajorVersion;
				minimumVersion = 3.1.1;
			};
		};
		F5ADD0112BB2CEF5005C93C0 /* XCRemoteSwiftPackageReference "swiftui-cached-async-image" */ = {
			isa = XCRemoteSwiftPackageReference;
			repositoryURL = "https://github.com/lorenzofiamingo/swiftui-cached-async-image";
			requirement = {
				kind = upToNextMajorVersion;
				minimumVersion = 2.1.1;
			};
		};
/* End XCRemoteSwiftPackageReference section */

/* Begin XCSwiftPackageProductDependency section */
		F58917162BA69782008EC345 /* Alamofire */ = {
			isa = XCSwiftPackageProductDependency;
			package = F58917152BA69782008EC345 /* XCRemoteSwiftPackageReference "Alamofire" */;
			productName = Alamofire;
		};
		F58917182BA69782008EC345 /* AlamofireDynamic */ = {
			isa = XCSwiftPackageProductDependency;
			package = F58917152BA69782008EC345 /* XCRemoteSwiftPackageReference "Alamofire" */;
			productName = AlamofireDynamic;
		};
		F59363D32BC2DC990023302B /* JWTDecode */ = {
			isa = XCSwiftPackageProductDependency;
			package = F59363D22BC2DC990023302B /* XCRemoteSwiftPackageReference "JWTDecode" */;
			productName = JWTDecode;
		};
		F59363EB2BCC30010023302B /* Kingfisher */ = {
			isa = XCSwiftPackageProductDependency;
			package = F59363EA2BCC30010023302B /* XCRemoteSwiftPackageReference "Kingfisher" */;
			productName = Kingfisher;
		};
		F59363EF2BCC3DE20023302B /* LDSwiftEventSource */ = {
			isa = XCSwiftPackageProductDependency;
			package = F59363EE2BCC3C730023302B /* XCRemoteSwiftPackageReference "swift-eventsource" */;
			productName = LDSwiftEventSource;
		};
		F5ADD0122BB2CEF5005C93C0 /* CachedAsyncImage */ = {
			isa = XCSwiftPackageProductDependency;
			package = F5ADD0112BB2CEF5005C93C0 /* XCRemoteSwiftPackageReference "swiftui-cached-async-image" */;
			productName = CachedAsyncImage;
		};
/* End XCSwiftPackageProductDependency section */
	};
	rootObject = F58916682BA1EABD008EC345 /* Project object */;
}
