// !$*UTF8*$!
{
	archiveVersion = 1;
	classes = {
	};
	objectVersion = 56;
	objects = {

/* Begin PBXBuildFile section */
		F58916742BA1EABD008EC345 /* hanbat_marketApp.swift in Sources */ = {isa = PBXBuildFile; fileRef = F58916732BA1EABD008EC345 /* hanbat_marketApp.swift */; };
		F58916762BA1EABD008EC345 /* ContentView.swift in Sources */ = {isa = PBXBuildFile; fileRef = F58916752BA1EABD008EC345 /* ContentView.swift */; };
		F58916782BA1EABF008EC345 /* Assets.xcassets in Resources */ = {isa = PBXBuildFile; fileRef = F58916772BA1EABF008EC345 /* Assets.xcassets */; };
		F589167B2BA1EABF008EC345 /* Preview Assets.xcassets in Resources */ = {isa = PBXBuildFile; fileRef = F589167A2BA1EABF008EC345 /* Preview Assets.xcassets */; };
		F589169B2BA3063F008EC345 /* LoginView.swift in Sources */ = {isa = PBXBuildFile; fileRef = F589169A2BA3063F008EC345 /* LoginView.swift */; };
		F589169E2BA3124A008EC345 /* RegisterView.swift in Sources */ = {isa = PBXBuildFile; fileRef = F589169D2BA3124A008EC345 /* RegisterView.swift */; };
		F58916A22BA3140D008EC345 /* AuthInput.swift in Sources */ = {isa = PBXBuildFile; fileRef = F58916A12BA3140D008EC345 /* AuthInput.swift */; };
		F58916A42BA3164B008EC345 /* AuthButton.swift in Sources */ = {isa = PBXBuildFile; fileRef = F58916A32BA3164B008EC345 /* AuthButton.swift */; };
		F58916A62BA32597008EC345 /* CompletedView.swift in Sources */ = {isa = PBXBuildFile; fileRef = F58916A52BA32597008EC345 /* CompletedView.swift */; };
/* End PBXBuildFile section */

/* Begin PBXFileReference section */
		F58916702BA1EABD008EC345 /* hanbat-market.app */ = {isa = PBXFileReference; explicitFileType = wrapper.application; includeInIndex = 0; path = "hanbat-market.app"; sourceTree = BUILT_PRODUCTS_DIR; };
		F58916732BA1EABD008EC345 /* hanbat_marketApp.swift */ = {isa = PBXFileReference; lastKnownFileType = sourcecode.swift; path = hanbat_marketApp.swift; sourceTree = "<group>"; };
		F58916752BA1EABD008EC345 /* ContentView.swift */ = {isa = PBXFileReference; lastKnownFileType = sourcecode.swift; path = ContentView.swift; sourceTree = "<group>"; };
		F58916772BA1EABF008EC345 /* Assets.xcassets */ = {isa = PBXFileReference; lastKnownFileType = folder.assetcatalog; path = Assets.xcassets; sourceTree = "<group>"; };
		F589167A2BA1EABF008EC345 /* Preview Assets.xcassets */ = {isa = PBXFileReference; lastKnownFileType = folder.assetcatalog; path = "Preview Assets.xcassets"; sourceTree = "<group>"; };
		F589169A2BA3063F008EC345 /* LoginView.swift */ = {isa = PBXFileReference; lastKnownFileType = sourcecode.swift; path = LoginView.swift; sourceTree = "<group>"; };
		F589169D2BA3124A008EC345 /* RegisterView.swift */ = {isa = PBXFileReference; lastKnownFileType = sourcecode.swift; path = RegisterView.swift; sourceTree = "<group>"; };
		F58916A12BA3140D008EC345 /* AuthInput.swift */ = {isa = PBXFileReference; lastKnownFileType = sourcecode.swift; path = AuthInput.swift; sourceTree = "<group>"; };
		F58916A32BA3164B008EC345 /* AuthButton.swift */ = {isa = PBXFileReference; lastKnownFileType = sourcecode.swift; path = AuthButton.swift; sourceTree = "<group>"; };
		F58916A52BA32597008EC345 /* CompletedView.swift */ = {isa = PBXFileReference; lastKnownFileType = sourcecode.swift; path = CompletedView.swift; sourceTree = "<group>"; };
/* End PBXFileReference section */

/* Begin PBXFrameworksBuildPhase section */
		F589166D2BA1EABD008EC345 /* Frameworks */ = {
			isa = PBXFrameworksBuildPhase;
			buildActionMask = 2147483647;
			files = (
			);
			runOnlyForDeploymentPostprocessing = 0;
		};
/* End PBXFrameworksBuildPhase section */

/* Begin PBXGroup section */
		F58916672BA1EABD008EC345 = {
			isa = PBXGroup;
			children = (
				F58916722BA1EABD008EC345 /* hanbat-market */,
				F58916712BA1EABD008EC345 /* Products */,
			);
			sourceTree = "<group>";
		};
		F58916712BA1EABD008EC345 /* Products */ = {
			isa = PBXGroup;
			children = (
				F58916702BA1EABD008EC345 /* hanbat-market.app */,
			);
			name = Products;
			sourceTree = "<group>";
		};
		F58916722BA1EABD008EC345 /* hanbat-market */ = {
			isa = PBXGroup;
			children = (
				F58916A02BA313E4008EC345 /* Components */,
				F58916992BA3062D008EC345 /* Views */,
				F58916732BA1EABD008EC345 /* hanbat_marketApp.swift */,
				F58916752BA1EABD008EC345 /* ContentView.swift */,
				F58916772BA1EABF008EC345 /* Assets.xcassets */,
				F58916792BA1EABF008EC345 /* Preview Content */,
			);
			path = "hanbat-market";
			sourceTree = "<group>";
		};
		F58916792BA1EABF008EC345 /* Preview Content */ = {
			isa = PBXGroup;
			children = (
				F589167A2BA1EABF008EC345 /* Preview Assets.xcassets */,
			);
			path = "Preview Content";
			sourceTree = "<group>";
		};
		F58916992BA3062D008EC345 /* Views */ = {
			isa = PBXGroup;
			children = (
				F589169C2BA311E8008EC345 /* Auth */,
			);
			path = Views;
			sourceTree = "<group>";
		};
		F589169C2BA311E8008EC345 /* Auth */ = {
			isa = PBXGroup;
			children = (
				F589169A2BA3063F008EC345 /* LoginView.swift */,
				F589169D2BA3124A008EC345 /* RegisterView.swift */,
				F58916A52BA32597008EC345 /* CompletedView.swift */,
			);
			path = Auth;
			sourceTree = "<group>";
		};
		F58916A02BA313E4008EC345 /* Components */ = {
			isa = PBXGroup;
			children = (
				F58916A12BA3140D008EC345 /* AuthInput.swift */,
				F58916A32BA3164B008EC345 /* AuthButton.swift */,
			);
			path = Components;
			sourceTree = "<group>";
		};
/* End PBXGroup section */

/* Begin PBXNativeTarget section */
		F589166F2BA1EABD008EC345 /* hanbat-market */ = {
			isa = PBXNativeTarget;
			buildConfigurationList = F589167E2BA1EABF008EC345 /* Build configuration list for PBXNativeTarget "hanbat-market" */;
			buildPhases = (
				F589166C2BA1EABD008EC345 /* Sources */,
				F589166D2BA1EABD008EC345 /* Frameworks */,
				F589166E2BA1EABD008EC345 /* Resources */,
			);
			buildRules = (
			);
			dependencies = (
			);
			name = "hanbat-market";
			productName = "hanbat-market";
			productReference = F58916702BA1EABD008EC345 /* hanbat-market.app */;
			productType = "com.apple.product-type.application";
		};
/* End PBXNativeTarget section */

/* Begin PBXProject section */
		F58916682BA1EABD008EC345 /* Project object */ = {
			isa = PBXProject;
			attributes = {
				BuildIndependentTargetsInParallel = 1;
				LastSwiftUpdateCheck = 1530;
				LastUpgradeCheck = 1530;
				TargetAttributes = {
					F589166F2BA1EABD008EC345 = {
						CreatedOnToolsVersion = 15.3;
					};
				};
			};
			buildConfigurationList = F589166B2BA1EABD008EC345 /* Build configuration list for PBXProject "hanbat-market" */;
			compatibilityVersion = "Xcode 14.0";
			developmentRegion = en;
			hasScannedForEncodings = 0;
			knownRegions = (
				en,
				Base,
			);
			mainGroup = F58916672BA1EABD008EC345;
			productRefGroup = F58916712BA1EABD008EC345 /* Products */;
			projectDirPath = "";
			projectRoot = "";
			targets = (
				F589166F2BA1EABD008EC345 /* hanbat-market */,
			);
		};
/* End PBXProject section */

/* Begin PBXResourcesBuildPhase section */
		F589166E2BA1EABD008EC345 /* Resources */ = {
			isa = PBXResourcesBuildPhase;
			buildActionMask = 2147483647;
			files = (
				F589167B2BA1EABF008EC345 /* Preview Assets.xcassets in Resources */,
				F58916782BA1EABF008EC345 /* Assets.xcassets in Resources */,
			);
			runOnlyForDeploymentPostprocessing = 0;
		};
/* End PBXResourcesBuildPhase section */

/* Begin PBXSourcesBuildPhase section */
		F589166C2BA1EABD008EC345 /* Sources */ = {
			isa = PBXSourcesBuildPhase;
			buildActionMask = 2147483647;
			files = (
				F589169B2BA3063F008EC345 /* LoginView.swift in Sources */,
				F58916A42BA3164B008EC345 /* AuthButton.swift in Sources */,
				F58916A62BA32597008EC345 /* CompletedView.swift in Sources */,
				F58916A22BA3140D008EC345 /* AuthInput.swift in Sources */,
				F589169E2BA3124A008EC345 /* RegisterView.swift in Sources */,
				F58916762BA1EABD008EC345 /* ContentView.swift in Sources */,
				F58916742BA1EABD008EC345 /* hanbat_marketApp.swift in Sources */,
			);
			runOnlyForDeploymentPostprocessing = 0;
		};
/* End PBXSourcesBuildPhase section */

/* Begin XCBuildConfiguration section */
		F589167C2BA1EABF008EC345 /* Debug */ = {
			isa = XCBuildConfiguration;
			buildSettings = {
				ALWAYS_SEARCH_USER_PATHS = NO;
				ASSETCATALOG_COMPILER_GENERATE_SWIFT_ASSET_SYMBOL_EXTENSIONS = YES;
				CLANG_ANALYZER_NONNULL = YES;
				CLANG_ANALYZER_NUMBER_OBJECT_CONVERSION = YES_AGGRESSIVE;
				CLANG_CXX_LANGUAGE_STANDARD = "gnu++20";
				CLANG_ENABLE_MODULES = YES;
				CLANG_ENABLE_OBJC_ARC = YES;
				CLANG_ENABLE_OBJC_WEAK = YES;
				CLANG_WARN_BLOCK_CAPTURE_AUTORELEASING = YES;
				CLANG_WARN_BOOL_CONVERSION = YES;
				CLANG_WARN_COMMA = YES;
				CLANG_WARN_CONSTANT_CONVERSION = YES;
				CLANG_WARN_DEPRECATED_OBJC_IMPLEMENTATIONS = YES;
				CLANG_WARN_DIRECT_OBJC_ISA_USAGE = YES_ERROR;
				CLANG_WARN_DOCUMENTATION_COMMENTS = YES;
				CLANG_WARN_EMPTY_BODY = YES;
				CLANG_WARN_ENUM_CONVERSION = YES;
				CLANG_WARN_INFINITE_RECURSION = YES;
				CLANG_WARN_INT_CONVERSION = YES;
				CLANG_WARN_NON_LITERAL_NULL_CONVERSION = YES;
				CLANG_WARN_OBJC_IMPLICIT_RETAIN_SELF = YES;
				CLANG_WARN_OBJC_LITERAL_CONVERSION = YES;
				CLANG_WARN_OBJC_ROOT_CLASS = YES_ERROR;
				CLANG_WARN_QUOTED_INCLUDE_IN_FRAMEWORK_HEADER = YES;
				CLANG_WARN_RANGE_LOOP_ANALYSIS = YES;
				CLANG_WARN_STRICT_PROTOTYPES = YES;
				CLANG_WARN_SUSPICIOUS_MOVE = YES;
				CLANG_WARN_UNGUARDED_AVAILABILITY = YES_AGGRESSIVE;
				CLANG_WARN_UNREACHABLE_CODE = YES;
				CLANG_WARN__DUPLICATE_METHOD_MATCH = YES;
				COPY_PHASE_STRIP = NO;
				DEBUG_INFORMATION_FORMAT = dwarf;
				ENABLE_STRICT_OBJC_MSGSEND = YES;
				ENABLE_TESTABILITY = YES;
				ENABLE_USER_SCRIPT_SANDBOXING = YES;
				GCC_C_LANGUAGE_STANDARD = gnu17;
				GCC_DYNAMIC_NO_PIC = NO;
				GCC_NO_COMMON_BLOCKS = YES;
				GCC_OPTIMIZATION_LEVEL = 0;
				GCC_PREPROCESSOR_DEFINITIONS = (
					"DEBUG=1",
					"$(inherited)",
				);
				GCC_WARN_64_TO_32_BIT_CONVERSION = YES;
				GCC_WARN_ABOUT_RETURN_TYPE = YES_ERROR;
				GCC_WARN_UNDECLARED_SELECTOR = YES;
				GCC_WARN_UNINITIALIZED_AUTOS = YES_AGGRESSIVE;
				GCC_WARN_UNUSED_FUNCTION = YES;
				GCC_WARN_UNUSED_VARIABLE = YES;
				IPHONEOS_DEPLOYMENT_TARGET = 17.4;
				LOCALIZATION_PREFERS_STRING_CATALOGS = YES;
				MTL_ENABLE_DEBUG_INFO = INCLUDE_SOURCE;
				MTL_FAST_MATH = YES;
				ONLY_ACTIVE_ARCH = YES;
				SDKROOT = iphoneos;
				SWIFT_ACTIVE_COMPILATION_CONDITIONS = "DEBUG $(inherited)";
				SWIFT_OPTIMIZATION_LEVEL = "-Onone";
			};
			name = Debug;
		};
		F589167D2BA1EABF008EC345 /* Release */ = {
			isa = XCBuildConfiguration;
			buildSettings = {
				ALWAYS_SEARCH_USER_PATHS = NO;
				ASSETCATALOG_COMPILER_GENERATE_SWIFT_ASSET_SYMBOL_EXTENSIONS = YES;
				CLANG_ANALYZER_NONNULL = YES;
				CLANG_ANALYZER_NUMBER_OBJECT_CONVERSION = YES_AGGRESSIVE;
				CLANG_CXX_LANGUAGE_STANDARD = "gnu++20";
				CLANG_ENABLE_MODULES = YES;
				CLANG_ENABLE_OBJC_ARC = YES;
				CLANG_ENABLE_OBJC_WEAK = YES;
				CLANG_WARN_BLOCK_CAPTURE_AUTORELEASING = YES;
				CLANG_WARN_BOOL_CONVERSION = YES;
				CLANG_WARN_COMMA = YES;
				CLANG_WARN_CONSTANT_CONVERSION = YES;
				CLANG_WARN_DEPRECATED_OBJC_IMPLEMENTATIONS = YES;
				CLANG_WARN_DIRECT_OBJC_ISA_USAGE = YES_ERROR;
				CLANG_WARN_DOCUMENTATION_COMMENTS = YES;
				CLANG_WARN_EMPTY_BODY = YES;
				CLANG_WARN_ENUM_CONVERSION = YES;
				CLANG_WARN_INFINITE_RECURSION = YES;
				CLANG_WARN_INT_CONVERSION = YES;
				CLANG_WARN_NON_LITERAL_NULL_CONVERSION = YES;
				CLANG_WARN_OBJC_IMPLICIT_RETAIN_SELF = YES;
				CLANG_WARN_OBJC_LITERAL_CONVERSION = YES;
				CLANG_WARN_OBJC_ROOT_CLASS = YES_ERROR;
				CLANG_WARN_QUOTED_INCLUDE_IN_FRAMEWORK_HEADER = YES;
				CLANG_WARN_RANGE_LOOP_ANALYSIS = YES;
				CLANG_WARN_STRICT_PROTOTYPES = YES;
				CLANG_WARN_SUSPICIOUS_MOVE = YES;
				CLANG_WARN_UNGUARDED_AVAILABILITY = YES_AGGRESSIVE;
				CLANG_WARN_UNREACHABLE_CODE = YES;
				CLANG_WARN__DUPLICATE_METHOD_MATCH = YES;
				COPY_PHASE_STRIP = NO;
				DEBUG_INFORMATION_FORMAT = "dwarf-with-dsym";
				ENABLE_NS_ASSERTIONS = NO;
				ENABLE_STRICT_OBJC_MSGSEND = YES;
				ENABLE_USER_SCRIPT_SANDBOXING = YES;
				GCC_C_LANGUAGE_STANDARD = gnu17;
				GCC_NO_COMMON_BLOCKS = YES;
				GCC_WARN_64_TO_32_BIT_CONVERSION = YES;
				GCC_WARN_ABOUT_RETURN_TYPE = YES_ERROR;
				GCC_WARN_UNDECLARED_SELECTOR = YES;
				GCC_WARN_UNINITIALIZED_AUTOS = YES_AGGRESSIVE;
				GCC_WARN_UNUSED_FUNCTION = YES;
				GCC_WARN_UNUSED_VARIABLE = YES;
				IPHONEOS_DEPLOYMENT_TARGET = 17.4;
				LOCALIZATION_PREFERS_STRING_CATALOGS = YES;
				MTL_ENABLE_DEBUG_INFO = NO;
				MTL_FAST_MATH = YES;
				SDKROOT = iphoneos;
				SWIFT_COMPILATION_MODE = wholemodule;
				VALIDATE_PRODUCT = YES;
			};
			name = Release;
		};
		F589167F2BA1EABF008EC345 /* Debug */ = {
			isa = XCBuildConfiguration;
			buildSettings = {
				ASSETCATALOG_COMPILER_APPICON_NAME = AppIcon;
				ASSETCATALOG_COMPILER_GLOBAL_ACCENT_COLOR_NAME = AccentColor;
				CODE_SIGN_STYLE = Automatic;
				CURRENT_PROJECT_VERSION = 1;
				DEVELOPMENT_ASSET_PATHS = "\"hanbat-market/Preview Content\"";
				DEVELOPMENT_TEAM = LBF339CHR8;
				ENABLE_PREVIEWS = YES;
				GENERATE_INFOPLIST_FILE = YES;
				INFOPLIST_KEY_UIApplicationSceneManifest_Generation = YES;
				INFOPLIST_KEY_UIApplicationSupportsIndirectInputEvents = YES;
				INFOPLIST_KEY_UILaunchScreen_Generation = YES;
				INFOPLIST_KEY_UISupportedInterfaceOrientations_iPad = "UIInterfaceOrientationPortrait UIInterfaceOrientationPortraitUpsideDown UIInterfaceOrientationLandscapeLeft UIInterfaceOrientationLandscapeRight";
				INFOPLIST_KEY_UISupportedInterfaceOrientations_iPhone = "UIInterfaceOrientationPortrait UIInterfaceOrientationLandscapeLeft UIInterfaceOrientationLandscapeRight";
				INFOPLIST_KEY_UIUserInterfaceStyle = Light;
				IPHONEOS_DEPLOYMENT_TARGET = 16.0;
				LD_RUNPATH_SEARCH_PATHS = (
					"$(inherited)",
					"@executable_path/Frameworks",
				);
				MARKETING_VERSION = 1.0;
				PRODUCT_BUNDLE_IDENTIFIER = "com.donggyujin.hanbat-market";
				PRODUCT_NAME = "$(TARGET_NAME)";
				SWIFT_EMIT_LOC_STRINGS = YES;
				SWIFT_VERSION = 5.0;
				TARGETED_DEVICE_FAMILY = "1,2";
			};
			name = Debug;
		};
		F58916802BA1EABF008EC345 /* Release */ = {
			isa = XCBuildConfiguration;
			buildSettings = {
				ASSETCATALOG_COMPILER_APPICON_NAME = AppIcon;
				ASSETCATALOG_COMPILER_GLOBAL_ACCENT_COLOR_NAME = AccentColor;
				CODE_SIGN_STYLE = Automatic;
				CURRENT_PROJECT_VERSION = 1;
				DEVELOPMENT_ASSET_PATHS = "\"hanbat-market/Preview Content\"";
				DEVELOPMENT_TEAM = LBF339CHR8;
				ENABLE_PREVIEWS = YES;
				GENERATE_INFOPLIST_FILE = YES;
				INFOPLIST_KEY_UIApplicationSceneManifest_Generation = YES;
				INFOPLIST_KEY_UIApplicationSupportsIndirectInputEvents = YES;
				INFOPLIST_KEY_UILaunchScreen_Generation = YES;
				INFOPLIST_KEY_UISupportedInterfaceOrientations_iPad = "UIInterfaceOrientationPortrait UIInterfaceOrientationPortraitUpsideDown UIInterfaceOrientationLandscapeLeft UIInterfaceOrientationLandscapeRight";
				INFOPLIST_KEY_UISupportedInterfaceOrientations_iPhone = "UIInterfaceOrientationPortrait UIInterfaceOrientationLandscapeLeft UIInterfaceOrientationLandscapeRight";
				INFOPLIST_KEY_UIUserInterfaceStyle = Light;
				IPHONEOS_DEPLOYMENT_TARGET = 16.0;
				LD_RUNPATH_SEARCH_PATHS = (
					"$(inherited)",
					"@executable_path/Frameworks",
				);
				MARKETING_VERSION = 1.0;
				PRODUCT_BUNDLE_IDENTIFIER = "com.donggyujin.hanbat-market";
				PRODUCT_NAME = "$(TARGET_NAME)";
				SWIFT_EMIT_LOC_STRINGS = YES;
				SWIFT_VERSION = 5.0;
				TARGETED_DEVICE_FAMILY = "1,2";
			};
			name = Release;
		};
/* End XCBuildConfiguration section */

/* Begin XCConfigurationList section */
		F589166B2BA1EABD008EC345 /* Build configuration list for PBXProject "hanbat-market" */ = {
			isa = XCConfigurationList;
			buildConfigurations = (
				F589167C2BA1EABF008EC345 /* Debug */,
				F589167D2BA1EABF008EC345 /* Release */,
			);
			defaultConfigurationIsVisible = 0;
			defaultConfigurationName = Release;
		};
		F589167E2BA1EABF008EC345 /* Build configuration list for PBXNativeTarget "hanbat-market" */ = {
			isa = XCConfigurationList;
			buildConfigurations = (
				F589167F2BA1EABF008EC345 /* Debug */,
				F58916802BA1EABF008EC345 /* Release */,
			);
			defaultConfigurationIsVisible = 0;
			defaultConfigurationName = Release;
		};
/* End XCConfigurationList section */
	};
	rootObject = F58916682BA1EABD008EC345 /* Project object */;
}
